{
  "name": "Base Landing",
  "version": "1.0.0",
  "description": "Base Landing",
  "main": "index.html",
  "directories": {
    "test": "test"
  },
  "scripts": {
    "test": "echo \"Error: no test specified\" && exit 1"
  },
  "author": "Juan Julio Sandoval Layza",
  "license": "ISC",
  "devDependencies": {
    "grunt": "^1.0.1",
    "grunt-contrib-concat": "^1.0.1",
    "grunt-contrib-copy": "^1.0.0",
    "grunt-contrib-cssmin": "^1.0.1",
    "grunt-contrib-jshint": "^1.1.0",
    "grunt-contrib-less": "^1.2.0",
    "grunt-contrib-uglify": "^2.0.0",
    "grunt-contrib-watch": "^1.0.0",
    "grunt-ng-annotate": "^3.0.0"
  },
  "dependencies": {
    "animate.css": "^3.5.2",
    "bootstrap": "^3.3.7",
    "bootstrap-datepicker": "^1.7.1",
    "moment": "^2.18.1",
    "wowjs": "^1.1.3"
  }
}